<Solution>
	<Folder Name="/.files/">
		<File Path=".editorconfig" />
		<File Path=".gitattributes" />
		<File Path=".gitignore" />
	</Folder>
	<Folder Name="/src/">
		<Project Path="src/System.Utils/System.Utils.csproj" />
	</Folder>
	<Folder Name="/tests/">
		<Project Path="tests/System.Utils.Tests/System.Utils.Tests.csproj" />
	</Folder>
</Solution>
